<?xml version="1.0" encoding="utf-8"?>
<Project ToolsVersion="4.0" xmlns="http://schemas.microsoft.com/developer/msbuild/2003">
  <ItemGroup>
    <ClCompile Include="Workflow.cpp" />
    <ClCompile Include="Shaders\CompileShaderWorkflow.cpp">
      <Filter>Shaders</Filter>
    </ClCompile>
    <ClCompile Include="PBR\ImageBasedLightingWorkflow.cpp">
      <Filter>PBR</Filter>
    </ClCompile>
  </ItemGroup>
  <ItemGroup>
    <ClInclude Include="Workflow.hpp" />
    <ClInclude Include="WorkflowStartup.hpp" />
    <ClInclude Include="Shaders\CompileShaderWorkflow.hpp">
      <Filter>Shaders</Filter>
    </ClInclude>
    <ClInclude Include="PBR\ImageBasedLightingWorkflow.hpp">
      <Filter>PBR</Filter>
    </ClInclude>
    <ClInclude Include="Shadow\PointShadowMapWorkflow.hpp">
      <Filter>Shadow</Filter>
    </ClInclude>
  </ItemGroup>
  <ItemGroup>
    <Filter Include="Shaders">
      <UniqueIdentifier>{f2cab37d-f58a-4007-891e-771542f174af}</UniqueIdentifier>
    </Filter>
    <Filter Include="PBR">
      <UniqueIdentifier>{83c95bab-f808-4cfe-8f96-4e21b2658c31}</UniqueIdentifier>
    </Filter>
    <Filter Include="Shadow">
      <UniqueIdentifier>{dbc7c335-d06f-4b1f-bff1-85de6006caf8}</UniqueIdentifier>
    </Filter>
  </ItemGroup>
</Project>