
Microsoft Visual Studio Solution File, Format Version 12.00
# Visual Studio Version 16
VisualStudioVersion = 16.0.29418.71
MinimumVisualStudioVersion = 10.0.40219.1
Project("{2150E333-8FDC-42A3-9474-1A3956D46DE8}") = "References", "References", "{8063AA1D-69F3-4675-A1A0-675DD4323254}"
EndProject
Project("{8BC9CEB8-8B4A-11D0-8D11-00A0C91BC942}") = "CodeRed", "References\Code-Red\CodeRed\CodeRed.vcxproj", "{078AE23F-1CC2-43B5-9096-F6238C363520}"
EndProject
Project("{2150E333-8FDC-42A3-9474-1A3956D46DE8}") = "Code-Red", "Code-Red", "{50081B0C-9DF0-4421-A14B-C4AF5863F0CE}"
EndProject
Project("{2150E333-8FDC-42A3-9474-1A3956D46DE8}") = "Extensions", "Extensions", "{2F9D3DCD-E30F-47CA-A066-CC12E0DEDC8C}"
EndProject
Project("{8BC9CEB8-8B4A-11D0-8D11-00A0C91BC942}") = "ImGui", "References\Code-Red\Extensions\ImGui\ImGui.vcxproj", "{F3ACDF05-0A62-466B-A39B-D616B30CB5C5}"
EndProject
Project("{8BC9CEB8-8B4A-11D0-8D11-00A0C91BC942}") = "Core", "LRTR-Lab\Core\Core.vcxproj", "{461102F3-7A1E-4CD2-87CF-91AFC10615B4}"
EndProject
Project("{8BC9CEB8-8B4A-11D0-8D11-00A0C91BC942}") = "Extensions", "LRTR-Lab\Extensions\Extensions.vcxproj", "{8BE92152-45A6-43F8-86BE-13866C4577DA}"
EndProject
Project("{8BC9CEB8-8B4A-11D0-8D11-00A0C91BC942}") = "Scenes", "LRTR-Lab\Scenes\Scenes.vcxproj", "{8417EF8D-9CBC-4F2D-BEE4-536EAA306FE9}"
EndProject
Project("{8BC9CEB8-8B4A-11D0-8D11-00A0C91BC942}") = "Shared", "LRTR-Lab\Shared\Shared.vcxproj", "{5785EE73-6673-4944-BB88-C7A53F146EEB}"
EndProject
Project("{8BC9CEB8-8B4A-11D0-8D11-00A0C91BC942}") = "Runtimes", "LRTR-Lab\Runtimes\Runtimes.vcxproj", "{3C91815C-B01E-4E83-8AF3-027EBF261A33}"
EndProject
Project("{8BC9CEB8-8B4A-11D0-8D11-00A0C91BC942}") = "Workflow", "LRTR-Lab\Workflow\Workflow.vcxproj", "{004F5FE5-E754-4E81-96A7-A1ABF5F668E6}"
EndProject
Global
	GlobalSection(SolutionConfigurationPlatforms) = preSolution
		Debug|x64 = Debug|x64
		Debug|x86 = Debug|x86
		Release|x64 = Release|x64
		Release|x86 = Release|x86
	EndGlobalSection
	GlobalSection(ProjectConfigurationPlatforms) = postSolution
		{078AE23F-1CC2-43B5-9096-F6238C363520}.Debug|x64.ActiveCfg = Debug|x64
		{078AE23F-1CC2-43B5-9096-F6238C363520}.Debug|x64.Build.0 = Debug|x64
		{078AE23F-1CC2-43B5-9096-F6238C363520}.Debug|x86.ActiveCfg = Debug|Win32
		{078AE23F-1CC2-43B5-9096-F6238C363520}.Debug|x86.Build.0 = Debug|Win32
		{078AE23F-1CC2-43B5-9096-F6238C363520}.Release|x64.ActiveCfg = Release|x64
		{078AE23F-1CC2-43B5-9096-F6238C363520}.Release|x64.Build.0 = Release|x64
		{078AE23F-1CC2-43B5-9096-F6238C363520}.Release|x86.ActiveCfg = Release|Win32
		{078AE23F-1CC2-43B5-9096-F6238C363520}.Release|x86.Build.0 = Release|Win32
		{F3ACDF05-0A62-466B-A39B-D616B30CB5C5}.Debug|x64.ActiveCfg = Debug|x64
		{F3ACDF05-0A62-466B-A39B-D616B30CB5C5}.Debug|x64.Build.0 = Debug|x64
		{F3ACDF05-0A62-466B-A39B-D616B30CB5C5}.Debug|x86.ActiveCfg = Debug|Win32
		{F3ACDF05-0A62-466B-A39B-D616B30CB5C5}.Debug|x86.Build.0 = Debug|Win32
		{F3ACDF05-0A62-466B-A39B-D616B30CB5C5}.Release|x64.ActiveCfg = Release|x64
		{F3ACDF05-0A62-466B-A39B-D616B30CB5C5}.Release|x64.Build.0 = Release|x64
		{F3ACDF05-0A62-466B-A39B-D616B30CB5C5}.Release|x86.ActiveCfg = Release|Win32
		{F3ACDF05-0A62-466B-A39B-D616B30CB5C5}.Release|x86.Build.0 = Release|Win32
		{461102F3-7A1E-4CD2-87CF-91AFC10615B4}.Debug|x64.ActiveCfg = Debug|x64
		{461102F3-7A1E-4CD2-87CF-91AFC10615B4}.Debug|x64.Build.0 = Debug|x64
		{461102F3-7A1E-4CD2-87CF-91AFC10615B4}.Debug|x86.ActiveCfg = Debug|Win32
		{461102F3-7A1E-4CD2-87CF-91AFC10615B4}.Debug|x86.Build.0 = Debug|Win32
		{461102F3-7A1E-4CD2-87CF-91AFC10615B4}.Release|x64.ActiveCfg = Release|x64
		{461102F3-7A1E-4CD2-87CF-91AFC10615B4}.Release|x64.Build.0 = Release|x64
		{461102F3-7A1E-4CD2-87CF-91AFC10615B4}.Release|x86.ActiveCfg = Release|Win32
		{461102F3-7A1E-4CD2-87CF-91AFC10615B4}.Release|x86.Build.0 = Release|Win32
		{8BE92152-45A6-43F8-86BE-13866C4577DA}.Debug|x64.ActiveCfg = Debug|x64
		{8BE92152-45A6-43F8-86BE-13866C4577DA}.Debug|x64.Build.0 = Debug|x64
		{8BE92152-45A6-43F8-86BE-13866C4577DA}.Debug|x86.ActiveCfg = Debug|Win32
		{8BE92152-45A6-43F8-86BE-13866C4577DA}.Debug|x86.Build.0 = Debug|Win32
		{8BE92152-45A6-43F8-86BE-13866C4577DA}.Release|x64.ActiveCfg = Release|x64
		{8BE92152-45A6-43F8-86BE-13866C4577DA}.Release|x64.Build.0 = Release|x64
		{8BE92152-45A6-43F8-86BE-13866C4577DA}.Release|x86.ActiveCfg = Release|Win32
		{8BE92152-45A6-43F8-86BE-13866C4577DA}.Release|x86.Build.0 = Release|Win32
		{8417EF8D-9CBC-4F2D-BEE4-536EAA306FE9}.Debug|x64.ActiveCfg = Debug|x64
		{8417EF8D-9CBC-4F2D-BEE4-536EAA306FE9}.Debug|x64.Build.0 = Debug|x64
		{8417EF8D-9CBC-4F2D-BEE4-536EAA306FE9}.Debug|x86.ActiveCfg = Debug|Win32
		{8417EF8D-9CBC-4F2D-BEE4-536EAA306FE9}.Debug|x86.Build.0 = Debug|Win32
		{8417EF8D-9CBC-4F2D-BEE4-536EAA306FE9}.Release|x64.ActiveCfg = Release|x64
		{8417EF8D-9CBC-4F2D-BEE4-536EAA306FE9}.Release|x64.Build.0 = Release|x64
		{8417EF8D-9CBC-4F2D-BEE4-536EAA306FE9}.Release|x86.ActiveCfg = Release|Win32
		{8417EF8D-9CBC-4F2D-BEE4-536EAA306FE9}.Release|x86.Build.0 = Release|Win32
		{5785EE73-6673-4944-BB88-C7A53F146EEB}.Debug|x64.ActiveCfg = Debug|x64
		{5785EE73-6673-4944-BB88-C7A53F146EEB}.Debug|x64.Build.0 = Debug|x64
		{5785EE73-6673-4944-BB88-C7A53F146EEB}.Debug|x86.ActiveCfg = Debug|Win32
		{5785EE73-6673-4944-BB88-C7A53F146EEB}.Debug|x86.Build.0 = Debug|Win32
		{5785EE73-6673-4944-BB88-C7A53F146EEB}.Release|x64.ActiveCfg = Release|x64
		{5785EE73-6673-4944-BB88-C7A53F146EEB}.Release|x64.Build.0 = Release|x64
		{5785EE73-6673-4944-BB88-C7A53F146EEB}.Release|x86.ActiveCfg = Release|Win32
		{5785EE73-6673-4944-BB88-C7A53F146EEB}.Release|x86.Build.0 = Release|Win32
		{3C91815C-B01E-4E83-8AF3-027EBF261A33}.Debug|x64.ActiveCfg = Debug|x64
		{3C91815C-B01E-4E83-8AF3-027EBF261A33}.Debug|x64.Build.0 = Debug|x64
		{3C91815C-B01E-4E83-8AF3-027EBF261A33}.Debug|x86.ActiveCfg = Debug|Win32
		{3C91815C-B01E-4E83-8AF3-027EBF261A33}.Debug|x86.Build.0 = Debug|Win32
		{3C91815C-B01E-4E83-8AF3-027EBF261A33}.Release|x64.ActiveCfg = Release|x64
		{3C91815C-B01E-4E83-8AF3-027EBF261A33}.Release|x64.Build.0 = Release|x64
		{3C91815C-B01E-4E83-8AF3-027EBF261A33}.Release|x86.ActiveCfg = Release|Win32
		{3C91815C-B01E-4E83-8AF3-027EBF261A33}.Release|x86.Build.0 = Release|Win32
		{004F5FE5-E754-4E81-96A7-A1ABF5F668E6}.Debug|x64.ActiveCfg = Debug|x64
		{004F5FE5-E754-4E81-96A7-A1ABF5F668E6}.Debug|x64.Build.0 = Debug|x64
		{004F5FE5-E754-4E81-96A7-A1ABF5F668E6}.Debug|x86.ActiveCfg = Debug|Win32
		{004F5FE5-E754-4E81-96A7-A1ABF5F668E6}.Debug|x86.Build.0 = Debug|Win32
		{004F5FE5-E754-4E81-96A7-A1ABF5F668E6}.Release|x64.ActiveCfg = Release|x64
		{004F5FE5-E754-4E81-96A7-A1ABF5F668E6}.Release|x64.Build.0 = Release|x64
		{004F5FE5-E754-4E81-96A7-A1ABF5F668E6}.Release|x86.ActiveCfg = Release|Win32
		{004F5FE5-E754-4E81-96A7-A1ABF5F668E6}.Release|x86.Build.0 = Release|Win32
	EndGlobalSection
	GlobalSection(SolutionProperties) = preSolution
		HideSolutionNode = FALSE
	EndGlobalSection
	GlobalSection(NestedProjects) = preSolution
		{078AE23F-1CC2-43B5-9096-F6238C363520} = {50081B0C-9DF0-4421-A14B-C4AF5863F0CE}
		{50081B0C-9DF0-4421-A14B-C4AF5863F0CE} = {8063AA1D-69F3-4675-A1A0-675DD4323254}
		{2F9D3DCD-E30F-47CA-A066-CC12E0DEDC8C} = {50081B0C-9DF0-4421-A14B-C4AF5863F0CE}
		{F3ACDF05-0A62-466B-A39B-D616B30CB5C5} = {2F9D3DCD-E30F-47CA-A066-CC12E0DEDC8C}
	EndGlobalSection
	GlobalSection(ExtensibilityGlobals) = postSolution
		SolutionGuid = {234B2176-E8FA-4559-AE27-A49CE1123C2A}
	EndGlobalSection
EndGlobal
