<?xml version="1.0" encoding="utf-8"?>
<Project ToolsVersion="4.0" xmlns="http://schemas.microsoft.com/developer/msbuild/2003">
  <ItemGroup>
    <Filter Include="Managers">
      <UniqueIdentifier>{4c509745-29e2-480a-819b-efbb64207000}</UniqueIdentifier>
    </Filter>
    <Filter Include="Managers\Asset">
      <UniqueIdentifier>{3b08a802-2a10-46c8-afb8-28fe662aad7c}</UniqueIdentifier>
    </Filter>
    <Filter Include="Managers\Scene">
      <UniqueIdentifier>{396f5df1-deaa-4a70-8ad6-6b19f3073555}</UniqueIdentifier>
    </Filter>
    <Filter Include="Managers\Asset\Components">
      <UniqueIdentifier>{e86a524f-e986-4439-b889-e4e7bb24b5b7}</UniqueIdentifier>
    </Filter>
    <Filter Include="Managers\UI">
      <UniqueIdentifier>{d0e48ec8-c36e-41e2-8de2-8b48e11d0d09}</UniqueIdentifier>
    </Filter>
    <Filter Include="Managers\UI\Components">
      <UniqueIdentifier>{16a7da4d-faf8-46d0-aed4-c64df1b71150}</UniqueIdentifier>
    </Filter>
    <Filter Include="Resources">
      <UniqueIdentifier>{3aa8d38e-7380-40c6-9814-a82335158233}</UniqueIdentifier>
    </Filter>
    <Filter Include="Resources\Fonts">
      <UniqueIdentifier>{ee83ba77-4705-40de-b3b8-ad6d787b6e90}</UniqueIdentifier>
    </Filter>
    <Filter Include="Resources\Models">
      <UniqueIdentifier>{b54cb329-cc6d-42a0-9020-66f015e206b5}</UniqueIdentifier>
    </Filter>
    <Filter Include="Resources\Shaders">
      <UniqueIdentifier>{da45af58-6598-4e0c-9171-d71e20932a02}</UniqueIdentifier>
    </Filter>
    <Filter Include="Resources\Textures">
      <UniqueIdentifier>{30302296-c058-4aa1-9e77-4a309e0d5177}</UniqueIdentifier>
    </Filter>
    <Filter Include="Resources\Textures\SkyBoxes">
      <UniqueIdentifier>{fe35ad23-7916-404e-9365-e596217d2a79}</UniqueIdentifier>
    </Filter>
    <Filter Include="Resources\Textures\SkyBoxes\Sea">
      <UniqueIdentifier>{7a9f75e8-fcc9-4558-9fcf-ef9ef430c7cb}</UniqueIdentifier>
    </Filter>
    <Filter Include="Resources\Shaders\Systems">
      <UniqueIdentifier>{1a03108c-879d-4a14-884c-cf3eac8ea68a}</UniqueIdentifier>
    </Filter>
    <Filter Include="Resources\Shaders\Systems\DirectX12">
      <UniqueIdentifier>{35cdfd90-b352-44a1-ae7c-16c919c9de1c}</UniqueIdentifier>
    </Filter>
    <Filter Include="Resources\Shaders\Systems\Vulkan">
      <UniqueIdentifier>{8e97320c-8d2d-4e77-a75f-55bde18b7aae}</UniqueIdentifier>
    </Filter>
    <Filter Include="Resources\Textures\HDR">
      <UniqueIdentifier>{32555bb5-9660-4926-93ff-a4ec82c5fcb1}</UniqueIdentifier>
    </Filter>
    <Filter Include="Resources\Shaders\Workflow">
      <UniqueIdentifier>{fbf64e7b-1d06-43b6-9fd7-b29cfc33ee64}</UniqueIdentifier>
    </Filter>
    <Filter Include="Resources\Shaders\Workflow\DirectX12">
      <UniqueIdentifier>{8772b5d0-ceab-49ac-be49-f262da52f5ab}</UniqueIdentifier>
    </Filter>
    <Filter Include="Resources\Shaders\Workflow\Vulkan">
      <UniqueIdentifier>{28452f56-365b-4ac9-96fa-00658abc701c}</UniqueIdentifier>
    </Filter>
    <Filter Include="Resources\Shaders\Workflow\HLSL">
      <UniqueIdentifier>{240458d8-f48a-404b-95da-69b214924925}</UniqueIdentifier>
    </Filter>
    <Filter Include="Managers\Input">
      <UniqueIdentifier>{c729fd84-2c62-431c-8044-dace703b0315}</UniqueIdentifier>
    </Filter>
    <Filter Include="Resources\Shaders\Systems\HLSL">
      <UniqueIdentifier>{cfd4abe0-95de-494f-94d5-6098d131ce28}</UniqueIdentifier>
    </Filter>
  </ItemGroup>
  <ItemGroup>
    <ClInclude Include="Managers\Asset\Components\AssetComponent.hpp">
      <Filter>Managers\Asset\Components</Filter>
    </ClInclude>
    <ClInclude Include="Managers\Asset\Components\MeshDataAssetComponent.hpp">
      <Filter>Managers\Asset\Components</Filter>
    </ClInclude>
    <ClInclude Include="Managers\Asset\AssetManager.hpp">
      <Filter>Managers\Asset</Filter>
    </ClInclude>
    <ClInclude Include="Managers\Scene\SceneManager.hpp">
      <Filter>Managers\Scene</Filter>
    </ClInclude>
    <ClInclude Include="Managers\UI\Components\ConsoleUIComponent.hpp">
      <Filter>Managers\UI\Components</Filter>
    </ClInclude>
    <ClInclude Include="Managers\UI\Components\LoggingUIComponent.hpp">
      <Filter>Managers\UI\Components</Filter>
    </ClInclude>
    <ClInclude Include="Managers\UI\Components\MainMenuUIComponent.hpp">
      <Filter>Managers\UI\Components</Filter>
    </ClInclude>
    <ClInclude Include="Managers\UI\Components\PropertyUIComponent.hpp">
      <Filter>Managers\UI\Components</Filter>
    </ClInclude>
    <ClInclude Include="Managers\UI\Components\SceneShapeUIComponent.hpp">
      <Filter>Managers\UI\Components</Filter>
    </ClInclude>
    <ClInclude Include="Managers\UI\Components\SceneViewUIComponent.hpp">
      <Filter>Managers\UI\Components</Filter>
    </ClInclude>
    <ClInclude Include="Managers\UI\Components\UIComponent.hpp">
      <Filter>Managers\UI\Components</Filter>
    </ClInclude>
    <ClInclude Include="Managers\UI\UIManager.hpp">
      <Filter>Managers\UI</Filter>
    </ClInclude>
    <ClInclude Include="Managers\Manager.hpp">
      <Filter>Managers</Filter>
    </ClInclude>
    <ClInclude Include="LabApp.hpp" />
    <ClInclude Include="Runtime.hpp" />
    <ClInclude Include="RuntimeSharing.hpp" />
    <ClInclude Include="Managers\Input\InputManager.hpp">
      <Filter>Managers\Input</Filter>
    </ClInclude>
    <ClInclude Include="Managers\Input\KeyCode.hpp">
      <Filter>Managers\Input</Filter>
    </ClInclude>
  </ItemGroup>
  <ItemGroup>
    <ClCompile Include="Managers\Asset\Components\MeshDataAssetComponent.cpp">
      <Filter>Managers\Asset\Components</Filter>
    </ClCompile>
    <ClCompile Include="Managers\Asset\AssetManager.cpp">
      <Filter>Managers\Asset</Filter>
    </ClCompile>
    <ClCompile Include="Managers\Scene\SceneManager.cpp">
      <Filter>Managers\Scene</Filter>
    </ClCompile>
    <ClCompile Include="Managers\UI\Components\ConsoleUIComponent.cpp">
      <Filter>Managers\UI\Components</Filter>
    </ClCompile>
    <ClCompile Include="Managers\UI\Components\LoggingUIComponent.cpp">
      <Filter>Managers\UI\Components</Filter>
    </ClCompile>
    <ClCompile Include="Managers\UI\Components\MainMenuUIComponent.cpp">
      <Filter>Managers\UI\Components</Filter>
    </ClCompile>
    <ClCompile Include="Managers\UI\Components\PropertyUIComponent.cpp">
      <Filter>Managers\UI\Components</Filter>
    </ClCompile>
    <ClCompile Include="Managers\UI\Components\SceneShapeUIComponent.cpp">
      <Filter>Managers\UI\Components</Filter>
    </ClCompile>
    <ClCompile Include="Managers\UI\Components\SceneViewUIComponent.cpp">
      <Filter>Managers\UI\Components</Filter>
    </ClCompile>
    <ClCompile Include="Managers\UI\UIManager.cpp">
      <Filter>Managers\UI</Filter>
    </ClCompile>
    <ClCompile Include="LabApp.cpp" />
    <ClCompile Include="Runtime.cpp" />
    <ClCompile Include="RuntimeSharing.cpp" />
    <ClCompile Include="main.cpp" />
    <ClCompile Include="Managers\Input\InputManager.cpp">
      <Filter>Managers\Input</Filter>
    </ClCompile>
  </ItemGroup>
  <ItemGroup>
    <CopyFileToFolders Include="Resources\Fonts\Consola.ttf">
      <Filter>Resources\Fonts</Filter>
    </CopyFileToFolders>
    <CopyFileToFolders Include="Resources\Models\MetalRoughSpheresNoTextures.glb">
      <Filter>Resources\Models</Filter>
    </CopyFileToFolders>
    <CopyFileToFolders Include="Resources\Models\WaterBottle.glb">
      <Filter>Resources\Models</Filter>
    </CopyFileToFolders>
    <CopyFileToFolders Include="Resources\Textures\SkyBoxes\Sea\top.jpg">
      <Filter>Resources\Textures\SkyBoxes\Sea</Filter>
    </CopyFileToFolders>
    <CopyFileToFolders Include="Resources\Textures\SkyBoxes\Sea\right.jpg">
      <Filter>Resources\Textures\SkyBoxes\Sea</Filter>
    </CopyFileToFolders>
    <CopyFileToFolders Include="Resources\Textures\SkyBoxes\Sea\left.jpg">
      <Filter>Resources\Textures\SkyBoxes\Sea</Filter>
    </CopyFileToFolders>
    <CopyFileToFolders Include="Resources\Textures\SkyBoxes\Sea\front.jpg">
      <Filter>Resources\Textures\SkyBoxes\Sea</Filter>
    </CopyFileToFolders>
    <CopyFileToFolders Include="Resources\Textures\SkyBoxes\Sea\bottom.jpg">
      <Filter>Resources\Textures\SkyBoxes\Sea</Filter>
    </CopyFileToFolders>
    <CopyFileToFolders Include="Resources\Textures\SkyBoxes\Sea\back.jpg">
      <Filter>Resources\Textures\SkyBoxes\Sea</Filter>
    </CopyFileToFolders>
    <CopyFileToFolders Include="Resources\Shaders\Systems\DirectX12\LinesMeshRenderSystemFrag.hlsl">
      <Filter>Resources\Shaders\Systems\DirectX12</Filter>
    </CopyFileToFolders>
    <CopyFileToFolders Include="Resources\Shaders\Systems\DirectX12\LinesMeshRenderSystemVert.hlsl">
      <Filter>Resources\Shaders\Systems\DirectX12</Filter>
    </CopyFileToFolders>
    <CopyFileToFolders Include="Resources\Shaders\Systems\DirectX12\WireframeRenderSystemFrag.hlsl">
      <Filter>Resources\Shaders\Systems\DirectX12</Filter>
    </CopyFileToFolders>
    <CopyFileToFolders Include="Resources\Shaders\Systems\DirectX12\WireframeRenderSystemVert.hlsl">
      <Filter>Resources\Shaders\Systems\DirectX12</Filter>
    </CopyFileToFolders>
    <CopyFileToFolders Include="Resources\Shaders\Systems\Vulkan\LinesMeshRenderSystemFrag.frag">
      <Filter>Resources\Shaders\Systems\Vulkan</Filter>
    </CopyFileToFolders>
    <CopyFileToFolders Include="Resources\Shaders\Systems\Vulkan\LinesMeshRenderSystemVert.vert">
      <Filter>Resources\Shaders\Systems\Vulkan</Filter>
    </CopyFileToFolders>
    <CopyFileToFolders Include="Resources\Shaders\Systems\Vulkan\WireframeRenderSystemFrag.frag">
      <Filter>Resources\Shaders\Systems\Vulkan</Filter>
    </CopyFileToFolders>
    <CopyFileToFolders Include="Resources\Shaders\Systems\Vulkan\WireframeRenderSystemVert.vert">
      <Filter>Resources\Shaders\Systems\Vulkan</Filter>
    </CopyFileToFolders>
    <CopyFileToFolders Include="Resources\Textures\HDR\newport_loft.hdr">
      <Filter>Resources\Textures\HDR</Filter>
    </CopyFileToFolders>
    <CopyFileToFolders Include="Resources\Shaders\Workflow\DirectX12\ImageBasedLightingFrag.hlsl">
      <Filter>Resources\Shaders\Workflow\DirectX12</Filter>
    </CopyFileToFolders>
    <CopyFileToFolders Include="Resources\Shaders\Workflow\DirectX12\ImageBasedLightingVert.hlsl">
      <Filter>Resources\Shaders\Workflow\DirectX12</Filter>
    </CopyFileToFolders>
    <CopyFileToFolders Include="Resources\Shaders\Workflow\Vulkan\ImageBasedLightingFrag.frag">
      <Filter>Resources\Shaders\Workflow\Vulkan</Filter>
    </CopyFileToFolders>
    <CopyFileToFolders Include="Resources\Shaders\Workflow\Vulkan\ImageBasedLightingVert.vert">
      <Filter>Resources\Shaders\Workflow\Vulkan</Filter>
    </CopyFileToFolders>
    <CopyFileToFolders Include="Resources\Shaders\Systems\Vulkan\PhysicalBasedRenderSystemFrag.frag">
      <Filter>Resources\Shaders\Systems\Vulkan</Filter>
    </CopyFileToFolders>
    <CopyFileToFolders Include="Resources\Shaders\Systems\Vulkan\PhysicalBasedRenderSystemVert.vert">
      <Filter>Resources\Shaders\Systems\Vulkan</Filter>
    </CopyFileToFolders>
    <CopyFileToFolders Include="Resources\Models\DamagedHelmet.glb">
      <Filter>Resources\Models</Filter>
    </CopyFileToFolders>
    <CopyFileToFolders Include="Resources\Models\Sponza.glb">
      <Filter>Resources\Models</Filter>
    </CopyFileToFolders>
    <CopyFileToFolders Include="Resources\Shaders\Workflow\HLSL\PointShadowMapFrag.hlsl">
      <Filter>Resources\Shaders\Workflow\HLSL</Filter>
    </CopyFileToFolders>
    <CopyFileToFolders Include="Resources\Shaders\Workflow\HLSL\PointShadowMapVert.hlsl">
      <Filter>Resources\Shaders\Workflow\HLSL</Filter>
    </CopyFileToFolders>
    <CopyFileToFolders Include="Resources\Shaders\Systems\DirectX12\PostEffectRenderSystemFrag.hlsl">
      <Filter>Resources\Shaders\Systems\DirectX12</Filter>
    </CopyFileToFolders>
    <CopyFileToFolders Include="Resources\Shaders\Systems\DirectX12\PostEffectRenderSystemVert.hlsl">
      <Filter>Resources\Shaders\Systems\DirectX12</Filter>
    </CopyFileToFolders>
    <CopyFileToFolders Include="Resources\Shaders\Systems\Vulkan\PostEffectRenderSystemFrag.frag">
      <Filter>Resources\Shaders\Systems\Vulkan</Filter>
    </CopyFileToFolders>
    <CopyFileToFolders Include="Resources\Shaders\Systems\Vulkan\PostEffectRenderSystemVert.vert">
      <Filter>Resources\Shaders\Systems\Vulkan</Filter>
    </CopyFileToFolders>
    <CopyFileToFolders Include="Resources\Shaders\Workflow\HLSL\GaussianBlurVert.hlsl">
      <Filter>Resources\Shaders\Workflow\HLSL</Filter>
    </CopyFileToFolders>
    <CopyFileToFolders Include="Resources\Shaders\Workflow\HLSL\GaussianBlurFrag.hlsl">
      <Filter>Resources\Shaders\Workflow\HLSL</Filter>
    </CopyFileToFolders>
  </ItemGroup>
  <ItemGroup>
    <FxCompile Include="Resources\Shaders\Workflow\HLSL\DeferredShadingFrag.hlsl">
      <Filter>Resources\Shaders\Workflow\HLSL</Filter>
    </FxCompile>
    <FxCompile Include="Resources\Shaders\Workflow\HLSL\DeferredShadingVert.hlsl">
      <Filter>Resources\Shaders\Workflow\HLSL</Filter>
    </FxCompile>
    <FxCompile Include="Resources\Shaders\Systems\HLSL\PhysicalBasedRenderSystemFrag.hlsl">
      <Filter>Resources\Shaders\Systems\HLSL</Filter>
    </FxCompile>
    <FxCompile Include="Resources\Shaders\Systems\HLSL\PhysicalBasedRenderSystemVert.hlsl">
      <Filter>Resources\Shaders\Systems\HLSL</Filter>
    </FxCompile>
  </ItemGroup>
</Project>