<?xml version="1.0" encoding="utf-8"?>
<Project ToolsVersion="4.0" xmlns="http://schemas.microsoft.com/developer/msbuild/2003">
  <ItemGroup>
    <ClCompile Include="main.cpp" />
    <ClCompile Include="Runtimes\LabApp.cpp">
      <Filter>Runtimes</Filter>
    </ClCompile>
    <ClCompile Include="Extensions\ImGui\imgui_impl_win32.cpp">
      <Filter>Extensions\ImGui</Filter>
    </ClCompile>
    <ClCompile Include="Scenes\Scene.cpp">
      <Filter>Scenes</Filter>
    </ClCompile>
    <ClCompile Include="Runtimes\Managers\UI\Components\ConsoleUIComponent.cpp">
      <Filter>Runtimes\Managers\UI\Components</Filter>
    </ClCompile>
    <ClCompile Include="Runtimes\Managers\UI\Components\LoggingUIComponent.cpp">
      <Filter>Runtimes\Managers\UI\Components</Filter>
    </ClCompile>
    <ClCompile Include="Runtimes\Managers\UI\Components\MainMenuUIComponent.cpp">
      <Filter>Runtimes\Managers\UI\Components</Filter>
    </ClCompile>
    <ClCompile Include="Runtimes\Managers\UI\Components\SceneViewUIComponent.cpp">
      <Filter>Runtimes\Managers\UI\Components</Filter>
    </ClCompile>
    <ClCompile Include="Runtimes\Managers\UI\UIManager.cpp">
      <Filter>Runtimes\Managers\UI</Filter>
    </ClCompile>
    <ClCompile Include="Runtimes\RuntimeSharing.cpp">
      <Filter>Runtimes</Filter>
    </ClCompile>
    <ClCompile Include="Runtimes\Managers\Scene\SceneManager.cpp">
      <Filter>Runtimes\Managers\Scene</Filter>
    </ClCompile>
    <ClCompile Include="Runtimes\Managers\UI\Components\Managers\ManagerUIComponent.cpp">
      <Filter>Runtimes\Managers\UI\Components\Managers</Filter>
    </ClCompile>
    <ClCompile Include="Runtimes\Managers\UI\Components\Managers\UIManagerUIComponent.cpp">
      <Filter>Runtimes\Managers\UI\Components\Managers</Filter>
    </ClCompile>
    <ClCompile Include="Runtimes\Managers\UI\Components\Managers\SceneManagerUIComponent.cpp">
      <Filter>Runtimes\Managers\UI\Components\Managers</Filter>
    </ClCompile>
    <ClCompile Include="Runtimes\Managers\UI\Components\SceneShapeUIComponent.cpp">
      <Filter>Runtimes\Managers\UI\Components</Filter>
    </ClCompile>
    <ClCompile Include="Runtimes\Managers\UI\Components\PropertyUIComponent.cpp">
      <Filter>Runtimes\Managers\UI\Components</Filter>
    </ClCompile>
    <ClCompile Include="Scenes\Shape.cpp">
      <Filter>Scenes</Filter>
    </ClCompile>
    <ClCompile Include="Scenes\Component.cpp">
      <Filter>Scenes</Filter>
    </ClCompile>
    <ClCompile Include="Runtimes\Runtime.cpp">
      <Filter>Runtimes</Filter>
    </ClCompile>
    <ClCompile Include="Shared\Transform.cpp">
      <Filter>Shared</Filter>
    </ClCompile>
    <ClCompile Include="Scenes\Cameras\Components\Perspective.cpp">
      <Filter>Scenes\Cameras\Components</Filter>
    </ClCompile>
    <ClCompile Include="Scenes\Components\TransformWrap.cpp">
      <Filter>Scenes\Components</Filter>
    </ClCompile>
    <ClCompile Include="Scenes\Cameras\Camera.cpp">
      <Filter>Scenes\Cameras</Filter>
    </ClCompile>
    <ClCompile Include="Extensions\ImGui\ImGui.cpp">
      <Filter>Extensions\ImGui</Filter>
    </ClCompile>
    <ClCompile Include="Scenes\Components\CameraGroup.cpp">
      <Filter>Scenes\Components</Filter>
    </ClCompile>
    <ClCompile Include="Scenes\Shapes\SceneProperty.cpp">
      <Filter>Scenes\Shapes</Filter>
    </ClCompile>
    <ClCompile Include="Scenes\System.cpp">
      <Filter>Scenes</Filter>
    </ClCompile>
    <ClCompile Include="Shared\FrameResources.cpp">
      <Filter>Shared</Filter>
    </ClCompile>
    <ClCompile Include="Shared\Graphics\PipelineInfo.cpp">
      <Filter>Shared\Graphics</Filter>
    </ClCompile>
    <ClCompile Include="Shared\Graphics\ResourceHelper.cpp">
      <Filter>Shared\Graphics</Filter>
    </ClCompile>
    <ClCompile Include="Shared\Graphics\ShaderCompiler.cpp">
      <Filter>Shared\Graphics</Filter>
    </ClCompile>
    <ClCompile Include="Scenes\Systems\LinesMeshRenderSystem.cpp">
      <Filter>Scenes\Systems</Filter>
    </ClCompile>
    <ClCompile Include="Scenes\Components\LinesMesh\CoordinateSystem.cpp">
      <Filter>Scenes\Components\LinesMesh</Filter>
    </ClCompile>
    <ClCompile Include="Scenes\Components\LinesMesh\LinesMesh.cpp">
      <Filter>Scenes\Components\LinesMesh</Filter>
    </ClCompile>
    <ClCompile Include="Scenes\Components\LinesMesh\LinesGrid.cpp">
      <Filter>Scenes\Components\LinesMesh</Filter>
    </ClCompile>
    <ClCompile Include="Scenes\Components\TrianglesMesh\TrianglesMesh.cpp">
      <Filter>Scenes\Components\TrianglesMesh</Filter>
    </ClCompile>
    <ClCompile Include="Scenes\Components\Materials\WireframeMaterial.cpp">
      <Filter>Scenes\Components\Materials</Filter>
    </ClCompile>
    <ClCompile Include="Scenes\Systems\WireframeRenderSystem.cpp">
      <Filter>Scenes\Systems</Filter>
    </ClCompile>
  </ItemGroup>
  <ItemGroup>
    <Filter Include="Scenes">
      <UniqueIdentifier>{020e96fb-f836-4fa5-9af2-0b4fb0d85e2f}</UniqueIdentifier>
    </Filter>
    <Filter Include="Runtimes">
      <UniqueIdentifier>{8e25853f-f732-4072-a92a-09e19aff1c93}</UniqueIdentifier>
    </Filter>
    <Filter Include="Core">
      <UniqueIdentifier>{778160cd-9f7a-4c4a-9241-a6306b954abe}</UniqueIdentifier>
    </Filter>
    <Filter Include="Extensions">
      <UniqueIdentifier>{b50e18f3-e3bf-4279-9133-fe63bf3c4fc1}</UniqueIdentifier>
    </Filter>
    <Filter Include="Extensions\ImGui">
      <UniqueIdentifier>{6f1e6afb-9696-45b0-ba45-c2d429aeb5ff}</UniqueIdentifier>
    </Filter>
    <Filter Include="Scenes\Cameras">
      <UniqueIdentifier>{1260d6db-af74-48ff-b42d-226ec593fd03}</UniqueIdentifier>
    </Filter>
    <Filter Include="Shared">
      <UniqueIdentifier>{a21ae1f7-e693-4649-ab5b-256eab2bacb1}</UniqueIdentifier>
    </Filter>
    <Filter Include="Shared\Math">
      <UniqueIdentifier>{f5055718-d529-43c0-b46c-f8dc05430f2a}</UniqueIdentifier>
    </Filter>
    <Filter Include="Shared\Accelerators">
      <UniqueIdentifier>{311d8622-5359-4978-ba39-7293434fe2f5}</UniqueIdentifier>
    </Filter>
    <Filter Include="Resources">
      <UniqueIdentifier>{f4830229-0828-4536-80db-9d5c35efb027}</UniqueIdentifier>
    </Filter>
    <Filter Include="Resources\Fonts">
      <UniqueIdentifier>{9b529abf-5833-49e8-9a26-2d840968b60d}</UniqueIdentifier>
    </Filter>
    <Filter Include="Extensions\SpdLog">
      <UniqueIdentifier>{74ce6168-d1d4-434d-94ed-11568c2e3d59}</UniqueIdentifier>
    </Filter>
    <Filter Include="Runtimes\Managers">
      <UniqueIdentifier>{538481b2-81e5-4d81-afcf-970de411d804}</UniqueIdentifier>
    </Filter>
    <Filter Include="Runtimes\Managers\Scene">
      <UniqueIdentifier>{03b51832-836d-48ac-b349-215c619e2a6f}</UniqueIdentifier>
    </Filter>
    <Filter Include="Runtimes\Managers\UI">
      <UniqueIdentifier>{440ccce0-aa0f-4470-a96f-b6d9591894e5}</UniqueIdentifier>
    </Filter>
    <Filter Include="Runtimes\Managers\UI\Components">
      <UniqueIdentifier>{349797bb-8d3f-4582-8a7e-5abda60b5121}</UniqueIdentifier>
    </Filter>
    <Filter Include="Runtimes\Managers\UI\Components\Managers">
      <UniqueIdentifier>{36e2ea5c-6793-4389-9307-3230df09e738}</UniqueIdentifier>
    </Filter>
    <Filter Include="Scenes\Components">
      <UniqueIdentifier>{162c5cd1-620b-4dfe-a598-915ca4f88db0}</UniqueIdentifier>
    </Filter>
    <Filter Include="Scenes\Cameras\Components">
      <UniqueIdentifier>{15aacd57-0603-4c0e-b48f-2985da6f74b5}</UniqueIdentifier>
    </Filter>
    <Filter Include="Scenes\Shapes">
      <UniqueIdentifier>{d0816ef1-a9f8-46d1-b866-73e968267c63}</UniqueIdentifier>
    </Filter>
    <Filter Include="Scenes\Systems">
      <UniqueIdentifier>{c3196cc2-7432-4d64-8913-5e6df6e2469d}</UniqueIdentifier>
    </Filter>
    <Filter Include="Resources\Shaders">
      <UniqueIdentifier>{0f4fb0a8-513c-4f10-8cee-110b0ceb3955}</UniqueIdentifier>
    </Filter>
    <Filter Include="Shared\Graphics">
      <UniqueIdentifier>{56390578-8bbf-4596-b907-f2286bdee8f8}</UniqueIdentifier>
    </Filter>
    <Filter Include="Resources\Shaders\Systems">
      <UniqueIdentifier>{db001b71-da23-44f9-8ff0-e86067de2d79}</UniqueIdentifier>
    </Filter>
    <Filter Include="Resources\Shaders\Systems\DirectX12">
      <UniqueIdentifier>{7624bd9b-627a-42b2-af03-3836c9603d5b}</UniqueIdentifier>
    </Filter>
    <Filter Include="Resources\Shaders\Systems\Vulkan">
      <UniqueIdentifier>{9003d1ff-e4b0-4b68-9492-3ab5d8485322}</UniqueIdentifier>
    </Filter>
    <Filter Include="Scenes\Components\LinesMesh">
      <UniqueIdentifier>{7a1921cb-d146-4d12-aebb-5eabbcdb8fad}</UniqueIdentifier>
    </Filter>
    <Filter Include="Scenes\Components\TrianglesMesh">
      <UniqueIdentifier>{b2ab23d2-196b-4f6e-bbad-b2f54e887b18}</UniqueIdentifier>
    </Filter>
    <Filter Include="Scenes\Components\Materials">
      <UniqueIdentifier>{5a2ec781-0ac1-4573-b2b4-af9d03d77378}</UniqueIdentifier>
    </Filter>
  </ItemGroup>
  <ItemGroup>
    <ClInclude Include="Runtimes\LabApp.hpp">
      <Filter>Runtimes</Filter>
    </ClInclude>
    <ClInclude Include="Extensions\ImGui\imgui_impl_win32.hpp">
      <Filter>Extensions\ImGui</Filter>
    </ClInclude>
    <ClInclude Include="Core\Logging.hpp">
      <Filter>Core</Filter>
    </ClInclude>
    <ClInclude Include="Core\Noncopyable.hpp">
      <Filter>Core</Filter>
    </ClInclude>
    <ClInclude Include="Scenes\Scene.hpp">
      <Filter>Scenes</Filter>
    </ClInclude>
    <ClInclude Include="Shared\Math\Math.hpp">
      <Filter>Shared\Math</Filter>
    </ClInclude>
    <ClInclude Include="Shared\Math\Matrix.hpp">
      <Filter>Shared\Math</Filter>
    </ClInclude>
    <ClInclude Include="Shared\Math\Vector.hpp">
      <Filter>Shared\Math</Filter>
    </ClInclude>
    <ClInclude Include="Shared\Accelerators\Group.hpp">
      <Filter>Shared\Accelerators</Filter>
    </ClInclude>
    <ClInclude Include="Extensions\SpdLog\SinkStorage.hpp">
      <Filter>Extensions\SpdLog</Filter>
    </ClInclude>
    <ClInclude Include="Shared\Color.hpp">
      <Filter>Shared</Filter>
    </ClInclude>
    <ClInclude Include="Runtimes\Managers\Manager.hpp">
      <Filter>Runtimes\Managers</Filter>
    </ClInclude>
    <ClInclude Include="Runtimes\Managers\UI\UIManager.hpp">
      <Filter>Runtimes\Managers\UI</Filter>
    </ClInclude>
    <ClInclude Include="Runtimes\Managers\UI\Components\UIComponent.hpp">
      <Filter>Runtimes\Managers\UI\Components</Filter>
    </ClInclude>
    <ClInclude Include="Runtimes\Managers\UI\Components\ConsoleUIComponent.hpp">
      <Filter>Runtimes\Managers\UI\Components</Filter>
    </ClInclude>
    <ClInclude Include="Runtimes\Managers\UI\Components\LoggingUIComponent.hpp">
      <Filter>Runtimes\Managers\UI\Components</Filter>
    </ClInclude>
    <ClInclude Include="Runtimes\Managers\UI\Components\MainMenuUIComponent.hpp">
      <Filter>Runtimes\Managers\UI\Components</Filter>
    </ClInclude>
    <ClInclude Include="Runtimes\Managers\UI\Components\SceneViewUIComponent.hpp">
      <Filter>Runtimes\Managers\UI\Components</Filter>
    </ClInclude>
    <ClInclude Include="Runtimes\RuntimeSharing.hpp">
      <Filter>Runtimes</Filter>
    </ClInclude>
    <ClInclude Include="Runtimes\Managers\Scene\SceneManager.hpp">
      <Filter>Runtimes\Managers\Scene</Filter>
    </ClInclude>
    <ClInclude Include="Runtimes\Managers\UI\Components\Managers\ManagerUIComponent.hpp">
      <Filter>Runtimes\Managers\UI\Components\Managers</Filter>
    </ClInclude>
    <ClInclude Include="Runtimes\Managers\UI\Components\Managers\UIManagerUIComponent.hpp">
      <Filter>Runtimes\Managers\UI\Components\Managers</Filter>
    </ClInclude>
    <ClInclude Include="Runtimes\Managers\UI\Components\Managers\SceneManagerUIComponent.hpp">
      <Filter>Runtimes\Managers\UI\Components\Managers</Filter>
    </ClInclude>
    <ClInclude Include="Runtimes\Managers\UI\Components\SceneShapeUIComponent.hpp">
      <Filter>Runtimes\Managers\UI\Components</Filter>
    </ClInclude>
    <ClInclude Include="Runtimes\Managers\UI\Components\PropertyUIComponent.hpp">
      <Filter>Runtimes\Managers\UI\Components</Filter>
    </ClInclude>
    <ClInclude Include="Scenes\Shape.hpp">
      <Filter>Scenes</Filter>
    </ClInclude>
    <ClInclude Include="Scenes\Component.hpp">
      <Filter>Scenes</Filter>
    </ClInclude>
    <ClInclude Include="Core\Propertyable.hpp">
      <Filter>Core</Filter>
    </ClInclude>
    <ClInclude Include="Runtimes\Runtime.hpp">
      <Filter>Runtimes</Filter>
    </ClInclude>
    <ClInclude Include="Scenes\Cameras\Camera.hpp">
      <Filter>Scenes\Cameras</Filter>
    </ClInclude>
    <ClInclude Include="Core\TypeInfo.hpp">
      <Filter>Core</Filter>
    </ClInclude>
    <ClInclude Include="Scenes\Cameras\Components\Projective.hpp">
      <Filter>Scenes\Cameras\Components</Filter>
    </ClInclude>
    <ClInclude Include="Scenes\Cameras\Components\Perspective.hpp">
      <Filter>Scenes\Cameras\Components</Filter>
    </ClInclude>
    <ClInclude Include="Shared\Transform.hpp">
      <Filter>Shared</Filter>
    </ClInclude>
    <ClInclude Include="Scenes\Components\TransformWrap.hpp">
      <Filter>Scenes\Components</Filter>
    </ClInclude>
    <ClInclude Include="Core\Renderable.hpp">
      <Filter>Core</Filter>
    </ClInclude>
    <ClInclude Include="Extensions\ImGui\ImGui.hpp">
      <Filter>Extensions\ImGui</Filter>
    </ClInclude>
    <ClInclude Include="Scenes\Components\CameraGroup.hpp">
      <Filter>Scenes\Components</Filter>
    </ClInclude>
    <ClInclude Include="Scenes\Shapes\SceneProperty.hpp">
      <Filter>Scenes\Shapes</Filter>
    </ClInclude>
    <ClInclude Include="Scenes\System.hpp">
      <Filter>Scenes</Filter>
    </ClInclude>
    <ClInclude Include="Shared\FrameResources.hpp">
      <Filter>Shared</Filter>
    </ClInclude>
    <ClInclude Include="Shared\Graphics\PipelineInfo.hpp">
      <Filter>Shared\Graphics</Filter>
    </ClInclude>
    <ClInclude Include="Shared\Graphics\ResourceHelper.hpp">
      <Filter>Shared\Graphics</Filter>
    </ClInclude>
    <ClInclude Include="Shared\Graphics\ShaderCompiler.hpp">
      <Filter>Shared\Graphics</Filter>
    </ClInclude>
    <ClInclude Include="Scenes\Systems\LinesMeshRenderSystem.hpp">
      <Filter>Scenes\Systems</Filter>
    </ClInclude>
    <ClInclude Include="Scenes\Components\LinesMesh\CoordinateSystem.hpp">
      <Filter>Scenes\Components\LinesMesh</Filter>
    </ClInclude>
    <ClInclude Include="Scenes\Components\LinesMesh\LinesMesh.hpp">
      <Filter>Scenes\Components\LinesMesh</Filter>
    </ClInclude>
    <ClInclude Include="Scenes\Components\LinesMesh\LinesGrid.hpp">
      <Filter>Scenes\Components\LinesMesh</Filter>
    </ClInclude>
    <ClInclude Include="Shared\Rectangle.hpp">
      <Filter>Shared</Filter>
    </ClInclude>
    <ClInclude Include="Shared\Triangle.hpp">
      <Filter>Shared</Filter>
    </ClInclude>
    <ClInclude Include="Scenes\Components\TrianglesMesh\TrianglesMesh.hpp">
      <Filter>Scenes\Components\TrianglesMesh</Filter>
    </ClInclude>
    <ClInclude Include="Scenes\Components\Materials\Material.hpp">
      <Filter>Scenes\Components\Materials</Filter>
    </ClInclude>
    <ClInclude Include="Scenes\Components\Materials\WireframeMaterial.hpp">
      <Filter>Scenes\Components\Materials</Filter>
    </ClInclude>
    <ClInclude Include="Scenes\Systems\WireframeRenderSystem.hpp">
      <Filter>Scenes\Systems</Filter>
    </ClInclude>
  </ItemGroup>
  <ItemGroup>
    <CopyFileToFolders Include="Resources\Fonts\Consola.ttf">
      <Filter>Resources\Fonts</Filter>
    </CopyFileToFolders>
    <CopyFileToFolders Include="Resources\Shaders\Systems\DirectX12\LinesMeshRenderSystemVert.hlsl">
      <Filter>Resources\Shaders\Systems\DirectX12</Filter>
    </CopyFileToFolders>
    <CopyFileToFolders Include="Resources\Shaders\Systems\DirectX12\LinesMeshRenderSystemFrag.hlsl">
      <Filter>Resources\Shaders\Systems\DirectX12</Filter>
    </CopyFileToFolders>
    <CopyFileToFolders Include="Resources\Shaders\Systems\Vulkan\LinesMeshRenderSystemFrag.frag">
      <Filter>Resources\Shaders\Systems\Vulkan</Filter>
    </CopyFileToFolders>
    <CopyFileToFolders Include="Resources\Shaders\Systems\Vulkan\LinesMeshRenderSystemVert.vert">
      <Filter>Resources\Shaders\Systems\Vulkan</Filter>
    </CopyFileToFolders>
  </ItemGroup>
</Project>